
Microsoft Visual Studio Solution File, Format Version 12.00
# Visual Studio Version 17
VisualStudioVersion = 17.1.32210.238
MinimumVisualStudioVersion = 10.0.40219.1
Project("{2150E333-8FDC-42A3-9474-1A3956D46DE8}") = "Services", "Services", "{95DAA397-B304-4A73-A479-4FC515A3664A}"
EndProject
Project("{2150E333-8FDC-42A3-9474-1A3956D46DE8}") = "Catalog", "Catalog", "{55B22FD8-2EB0-4EE7-978D-F3217D2F97C2}"
EndProject
Project("{9A19103F-16F7-4668-BE54-9A1E7A4F7556}") = "Catalog.API", "Services\Catalog\Catalog.API\Catalog.API.csproj", "{96C37E1E-12F2-4F6B-B17A-A8EDB9E76E57}"
EndProject
Project("{E53339B2-1760-4266-BCC7-CA923CBCF16C}") = "docker-compose", "docker-compose.dcproj", "{DC4E19EF-2ECC-4E8C-8ED1-0CBB7FCCF01E}"
EndProject
Project("{2150E333-8FDC-42A3-9474-1A3956D46DE8}") = "Basket", "Basket", "{111B9E72-F911-443E-9F3F-39ADC1017E21}"
EndProject
Project("{9A19103F-16F7-4668-BE54-9A1E7A4F7556}") = "Basket.API", "Services\Basket\Basket.API\Basket.API.csproj", "{73506BFE-ADE1-4133-8236-D05F93C9FFD5}"
EndProject
Project("{2150E333-8FDC-42A3-9474-1A3956D46DE8}") = "Discount", "Discount", "{D341901C-E0AF-488A-8DAD-B9C277E39E2C}"
EndProject
Project("{9A19103F-16F7-4668-BE54-9A1E7A4F7556}") = "Discount.API", "Services\Discount\Discount.API\Discount.API.csproj", "{1BEB2FD9-FD03-4CEC-8C50-AC7788EF25A5}"
EndProject
Project("{9A19103F-16F7-4668-BE54-9A1E7A4F7556}") = "Discount.Grpc", "Services\Discount\Discount.Grpc\Discount.Grpc.csproj", "{8379E4B9-DA32-4BCB-AA43-057882E9F9D8}"
EndProject
Project("{2150E333-8FDC-42A3-9474-1A3956D46DE8}") = "Ordering", "Ordering", "{803CC298-EF67-47FC-BE5B-65ADECCC3621}"
EndProject
Project("{9A19103F-16F7-4668-BE54-9A1E7A4F7556}") = "Ordering.API", "Services\Ordering\Ordering.API\Ordering.API.csproj", "{01708605-EE89-4260-8D08-088FF3DD37FB}"
EndProject
Project("{9A19103F-16F7-4668-BE54-9A1E7A4F7556}") = "Ordering.Domain", "Services\Ordering\Ordering.Domain\Ordering.Domain.csproj", "{C4CD9D0A-C1BD-4CC7-A77F-9109279A15D4}"
EndProject
Project("{9A19103F-16F7-4668-BE54-9A1E7A4F7556}") = "Ordering.Application", "Services\Ordering\Ordering.Application\Ordering.Application.csproj", "{2C3FD295-12BC-43B5-A200-E6C2857D101B}"
EndProject
Project("{9A19103F-16F7-4668-BE54-9A1E7A4F7556}") = "Ordering.Infrastruture", "Services\Ordering\Ordering.Infrastruture\Ordering.Infrastruture.csproj", "{78EA3355-829F-4DC7-AE64-3307B8B6F05D}"
EndProject
Project("{2150E333-8FDC-42A3-9474-1A3956D46DE8}") = "Common", "Common", "{A0E2C293-4F44-4498-A802-6846E8F23A98}"
EndProject
Project("{9A19103F-16F7-4668-BE54-9A1E7A4F7556}") = "EventBus.Messages", "EventBus.Messages\EventBus.Messages.csproj", "{41E69C38-592B-4600-9CD9-A822BE538A9B}"
EndProject
Project("{2150E333-8FDC-42A3-9474-1A3956D46DE8}") = "ApiGateways", "ApiGateways", "{6C3A0F0F-2052-4CFE-A43F-A11F3FFEA1AA}"
EndProject
Project("{FAE04EC0-301F-11D3-BF4B-00C04F79EFBC}") = "OcelotApiGw", "ApiGateways\OcelotApiGw\OcelotApiGw.csproj", "{028E7C1F-8C59-472D-9F88-BCE502330940}"
EndProject
Project("{FAE04EC0-301F-11D3-BF4B-00C04F79EFBC}") = "Shopping.Aggregator", "ApiGateways\Shopping.Aggregator\Shopping.Aggregator.csproj", "{E12A5A92-A370-4F24-92D8-336E47CFAF07}"
EndProject
Global
	GlobalSection(SolutionConfigurationPlatforms) = preSolution
		Debug|Any CPU = Debug|Any CPU
		Release|Any CPU = Release|Any CPU
	EndGlobalSection
	GlobalSection(ProjectConfigurationPlatforms) = postSolution
		{96C37E1E-12F2-4F6B-B17A-A8EDB9E76E57}.Debug|Any CPU.ActiveCfg = Debug|Any CPU
		{96C37E1E-12F2-4F6B-B17A-A8EDB9E76E57}.Debug|Any CPU.Build.0 = Debug|Any CPU
		{96C37E1E-12F2-4F6B-B17A-A8EDB9E76E57}.Release|Any CPU.ActiveCfg = Release|Any CPU
		{96C37E1E-12F2-4F6B-B17A-A8EDB9E76E57}.Release|Any CPU.Build.0 = Release|Any CPU
		{DC4E19EF-2ECC-4E8C-8ED1-0CBB7FCCF01E}.Debug|Any CPU.ActiveCfg = Debug|Any CPU
		{DC4E19EF-2ECC-4E8C-8ED1-0CBB7FCCF01E}.Debug|Any CPU.Build.0 = Debug|Any CPU
		{DC4E19EF-2ECC-4E8C-8ED1-0CBB7FCCF01E}.Release|Any CPU.ActiveCfg = Release|Any CPU
		{DC4E19EF-2ECC-4E8C-8ED1-0CBB7FCCF01E}.Release|Any CPU.Build.0 = Release|Any CPU
		{73506BFE-ADE1-4133-8236-D05F93C9FFD5}.Debug|Any CPU.ActiveCfg = Debug|Any CPU
		{73506BFE-ADE1-4133-8236-D05F93C9FFD5}.Debug|Any CPU.Build.0 = Debug|Any CPU
		{73506BFE-ADE1-4133-8236-D05F93C9FFD5}.Release|Any CPU.ActiveCfg = Release|Any CPU
		{73506BFE-ADE1-4133-8236-D05F93C9FFD5}.Release|Any CPU.Build.0 = Release|Any CPU
		{1BEB2FD9-FD03-4CEC-8C50-AC7788EF25A5}.Debug|Any CPU.ActiveCfg = Debug|Any CPU
		{1BEB2FD9-FD03-4CEC-8C50-AC7788EF25A5}.Debug|Any CPU.Build.0 = Debug|Any CPU
		{1BEB2FD9-FD03-4CEC-8C50-AC7788EF25A5}.Release|Any CPU.ActiveCfg = Release|Any CPU
		{1BEB2FD9-FD03-4CEC-8C50-AC7788EF25A5}.Release|Any CPU.Build.0 = Release|Any CPU
		{8379E4B9-DA32-4BCB-AA43-057882E9F9D8}.Debug|Any CPU.ActiveCfg = Debug|Any CPU
		{8379E4B9-DA32-4BCB-AA43-057882E9F9D8}.Debug|Any CPU.Build.0 = Debug|Any CPU
		{8379E4B9-DA32-4BCB-AA43-057882E9F9D8}.Release|Any CPU.ActiveCfg = Release|Any CPU
		{8379E4B9-DA32-4BCB-AA43-057882E9F9D8}.Release|Any CPU.Build.0 = Release|Any CPU
		{01708605-EE89-4260-8D08-088FF3DD37FB}.Debug|Any CPU.ActiveCfg = Debug|Any CPU
		{01708605-EE89-4260-8D08-088FF3DD37FB}.Debug|Any CPU.Build.0 = Debug|Any CPU
		{01708605-EE89-4260-8D08-088FF3DD37FB}.Release|Any CPU.ActiveCfg = Release|Any CPU
		{01708605-EE89-4260-8D08-088FF3DD37FB}.Release|Any CPU.Build.0 = Release|Any CPU
		{C4CD9D0A-C1BD-4CC7-A77F-9109279A15D4}.Debug|Any CPU.ActiveCfg = Debug|Any CPU
		{C4CD9D0A-C1BD-4CC7-A77F-9109279A15D4}.Debug|Any CPU.Build.0 = Debug|Any CPU
		{C4CD9D0A-C1BD-4CC7-A77F-9109279A15D4}.Release|Any CPU.ActiveCfg = Release|Any CPU
		{C4CD9D0A-C1BD-4CC7-A77F-9109279A15D4}.Release|Any CPU.Build.0 = Release|Any CPU
		{2C3FD295-12BC-43B5-A200-E6C2857D101B}.Debug|Any CPU.ActiveCfg = Debug|Any CPU
		{2C3FD295-12BC-43B5-A200-E6C2857D101B}.Debug|Any CPU.Build.0 = Debug|Any CPU
		{2C3FD295-12BC-43B5-A200-E6C2857D101B}.Release|Any CPU.ActiveCfg = Release|Any CPU
		{2C3FD295-12BC-43B5-A200-E6C2857D101B}.Release|Any CPU.Build.0 = Release|Any CPU
		{78EA3355-829F-4DC7-AE64-3307B8B6F05D}.Debug|Any CPU.ActiveCfg = Debug|Any CPU
		{78EA3355-829F-4DC7-AE64-3307B8B6F05D}.Debug|Any CPU.Build.0 = Debug|Any CPU
		{78EA3355-829F-4DC7-AE64-3307B8B6F05D}.Release|Any CPU.ActiveCfg = Release|Any CPU
		{78EA3355-829F-4DC7-AE64-3307B8B6F05D}.Release|Any CPU.Build.0 = Release|Any CPU
		{41E69C38-592B-4600-9CD9-A822BE538A9B}.Debug|Any CPU.ActiveCfg = Debug|Any CPU
		{41E69C38-592B-4600-9CD9-A822BE538A9B}.Debug|Any CPU.Build.0 = Debug|Any CPU
		{41E69C38-592B-4600-9CD9-A822BE538A9B}.Release|Any CPU.ActiveCfg = Release|Any CPU
		{41E69C38-592B-4600-9CD9-A822BE538A9B}.Release|Any CPU.Build.0 = Release|Any CPU
		{028E7C1F-8C59-472D-9F88-BCE502330940}.Debug|Any CPU.ActiveCfg = Debug|Any CPU
		{028E7C1F-8C59-472D-9F88-BCE502330940}.Debug|Any CPU.Build.0 = Debug|Any CPU
		{028E7C1F-8C59-472D-9F88-BCE502330940}.Release|Any CPU.ActiveCfg = Release|Any CPU
		{028E7C1F-8C59-472D-9F88-BCE502330940}.Release|Any CPU.Build.0 = Release|Any CPU
		{E12A5A92-A370-4F24-92D8-336E47CFAF07}.Debug|Any CPU.ActiveCfg = Debug|Any CPU
		{E12A5A92-A370-4F24-92D8-336E47CFAF07}.Debug|Any CPU.Build.0 = Debug|Any CPU
		{E12A5A92-A370-4F24-92D8-336E47CFAF07}.Release|Any CPU.ActiveCfg = Release|Any CPU
		{E12A5A92-A370-4F24-92D8-336E47CFAF07}.Release|Any CPU.Build.0 = Release|Any CPU
	EndGlobalSection
	GlobalSection(SolutionProperties) = preSolution
		HideSolutionNode = FALSE
	EndGlobalSection
	GlobalSection(NestedProjects) = preSolution
		{55B22FD8-2EB0-4EE7-978D-F3217D2F97C2} = {95DAA397-B304-4A73-A479-4FC515A3664A}
		{96C37E1E-12F2-4F6B-B17A-A8EDB9E76E57} = {55B22FD8-2EB0-4EE7-978D-F3217D2F97C2}
		{111B9E72-F911-443E-9F3F-39ADC1017E21} = {95DAA397-B304-4A73-A479-4FC515A3664A}
		{73506BFE-ADE1-4133-8236-D05F93C9FFD5} = {111B9E72-F911-443E-9F3F-39ADC1017E21}
		{D341901C-E0AF-488A-8DAD-B9C277E39E2C} = {95DAA397-B304-4A73-A479-4FC515A3664A}
		{1BEB2FD9-FD03-4CEC-8C50-AC7788EF25A5} = {D341901C-E0AF-488A-8DAD-B9C277E39E2C}
		{8379E4B9-DA32-4BCB-AA43-057882E9F9D8} = {D341901C-E0AF-488A-8DAD-B9C277E39E2C}
		{803CC298-EF67-47FC-BE5B-65ADECCC3621} = {95DAA397-B304-4A73-A479-4FC515A3664A}
		{01708605-EE89-4260-8D08-088FF3DD37FB} = {803CC298-EF67-47FC-BE5B-65ADECCC3621}
		{C4CD9D0A-C1BD-4CC7-A77F-9109279A15D4} = {803CC298-EF67-47FC-BE5B-65ADECCC3621}
		{2C3FD295-12BC-43B5-A200-E6C2857D101B} = {803CC298-EF67-47FC-BE5B-65ADECCC3621}
		{78EA3355-829F-4DC7-AE64-3307B8B6F05D} = {803CC298-EF67-47FC-BE5B-65ADECCC3621}
		{41E69C38-592B-4600-9CD9-A822BE538A9B} = {A0E2C293-4F44-4498-A802-6846E8F23A98}
		{028E7C1F-8C59-472D-9F88-BCE502330940} = {6C3A0F0F-2052-4CFE-A43F-A11F3FFEA1AA}
		{E12A5A92-A370-4F24-92D8-336E47CFAF07} = {6C3A0F0F-2052-4CFE-A43F-A11F3FFEA1AA}
	EndGlobalSection
	GlobalSection(ExtensibilityGlobals) = postSolution
		SolutionGuid = {C4BB872B-A5B8-4E0D-8B6D-79FB8B7CB8D7}
	EndGlobalSection
EndGlobal
