
Microsoft Visual Studio Solution File, Format Version 12.00
# Visual Studio Version 17
VisualStudioVersion = 17.1.32210.238
MinimumVisualStudioVersion = 10.0.40219.1
Project("{2150E333-8FDC-42A3-9474-1A3956D46DE8}") = "Services", "Services", "{95DAA397-B304-4A73-A479-4FC515A3664A}"
EndProject
Project("{2150E333-8FDC-42A3-9474-1A3956D46DE8}") = "Catalog", "Catalog", "{55B22FD8-2EB0-4EE7-978D-F3217D2F97C2}"
EndProject
Project("{9A19103F-16F7-4668-BE54-9A1E7A4F7556}") = "Catalog.API", "Services\Catalog\Catalog.API\Catalog.API.csproj", "{96C37E1E-12F2-4F6B-B17A-A8EDB9E76E57}"
EndProject
Project("{E53339B2-1760-4266-BCC7-CA923CBCF16C}") = "docker-compose", "docker-compose.dcproj", "{DC4E19EF-2ECC-4E8C-8ED1-0CBB7FCCF01E}"
EndProject
Project("{2150E333-8FDC-42A3-9474-1A3956D46DE8}") = "Basket", "Basket", "{111B9E72-F911-443E-9F3F-39ADC1017E21}"
EndProject
Project("{9A19103F-16F7-4668-BE54-9A1E7A4F7556}") = "Basket.API", "Services\Basket\Basket.API\Basket.API.csproj", "{73506BFE-ADE1-4133-8236-D05F93C9FFD5}"
EndProject
Project("{2150E333-8FDC-42A3-9474-1A3956D46DE8}") = "Discount", "Discount", "{D341901C-E0AF-488A-8DAD-B9C277E39E2C}"
EndProject
Project("{9A19103F-16F7-4668-BE54-9A1E7A4F7556}") = "Discount.API", "Services\Discount\Discount.API\Discount.API.csproj", "{1BEB2FD9-FD03-4CEC-8C50-AC7788EF25A5}"
EndProject
Project("{9A19103F-16F7-4668-BE54-9A1E7A4F7556}") = "Discount.Grpc", "Services\Discount\Discount.Grpc\Discount.Grpc.csproj", "{8379E4B9-DA32-4BCB-AA43-057882E9F9D8}"
EndProject
Project("{2150E333-8FDC-42A3-9474-1A3956D46DE8}") = "Ordering", "Ordering", "{803CC298-EF67-47FC-BE5B-65ADECCC3621}"
EndProject
Project("{9A19103F-16F7-4668-BE54-9A1E7A4F7556}") = "Ordering.API", "Services\Ordering\Ordering.API\Ordering.API.csproj", "{01708605-EE89-4260-8D08-088FF3DD37FB}"
EndProject
Project("{9A19103F-16F7-4668-BE54-9A1E7A4F7556}") = "Ordering.Domain", "Services\Ordering\Ordering.Domain\Ordering.Domain.csproj", "{C4CD9D0A-C1BD-4CC7-A77F-9109279A15D4}"
EndProject
Project("{9A19103F-16F7-4668-BE54-9A1E7A4F7556}") = "Ordering.Application", "Services\Ordering\Ordering.Application\Ordering.Application.csproj", "{2C3FD295-12BC-43B5-A200-E6C2857D101B}"
EndProject
Project("{9A19103F-16F7-4668-BE54-9A1E7A4F7556}") = "Ordering.Infrastructure", "Services\Ordering\Ordering.Infrastructure\Ordering.Infrastructure.csproj", "{78EA3355-829F-4DC7-AE64-3307B8B6F05D}"
EndProject
Project("{2150E333-8FDC-42A3-9474-1A3956D46DE8}") = "Common", "Common", "{A0E2C293-4F44-4498-A802-6846E8F23A98}"
EndProject
Project("{9A19103F-16F7-4668-BE54-9A1E7A4F7556}") = "EventBus.Messages", "EventBus.Messages\EventBus.Messages.csproj", "{41E69C38-592B-4600-9CD9-A822BE538A9B}"
EndProject
Project("{2150E333-8FDC-42A3-9474-1A3956D46DE8}") = "ApiGateways", "ApiGateways", "{6C3A0F0F-2052-4CFE-A43F-A11F3FFEA1AA}"
EndProject
Project("{FAE04EC0-301F-11D3-BF4B-00C04F79EFBC}") = "OcelotApiGw", "ApiGateways\OcelotApiGw\OcelotApiGw.csproj", "{028E7C1F-8C59-472D-9F88-BCE502330940}"
EndProject
Project("{FAE04EC0-301F-11D3-BF4B-00C04F79EFBC}") = "Shopping.Aggregator", "ApiGateways\Shopping.Aggregator\Shopping.Aggregator.csproj", "{E12A5A92-A370-4F24-92D8-336E47CFAF07}"
EndProject
Project("{2150E333-8FDC-42A3-9474-1A3956D46DE8}") = "Identity", "Identity", "{FED74185-9414-4287-B1E7-9F57F9C1530E}"
EndProject
Project("{FAE04EC0-301F-11D3-BF4B-00C04F79EFBC}") = "IdentityServer", "Identity\IdentityServer\IdentityServer.csproj", "{24393EB4-F007-4121-8ABC-8C20CD1F3D8F}"
EndProject
Project("{FAE04EC0-301F-11D3-BF4B-00C04F79EFBC}") = "IdentityServer.Common", "Identity\IdentityServer.Common\IdentityServer.Common.csproj", "{45CE1788-919F-4705-891A-9E3EC004F6E6}"
EndProject
Project("{2150E333-8FDC-42A3-9474-1A3956D46DE8}") = "WebApps", "WebApps", "{F8010F61-AC18-429E-AB5E-BBD13EC2B1F6}"
EndProject
Project("{FAE04EC0-301F-11D3-BF4B-00C04F79EFBC}") = "AngularClient", "WebApps\AngularClient\AngularClient.csproj", "{D392B827-C336-4E36-9E6B-0B7CB7609BEA}"
EndProject
Project("{FAE04EC0-301F-11D3-BF4B-00C04F79EFBC}") = "ApiClient", "Common\ApiClient\ApiClient.csproj", "{B62912A7-255C-4528-9CEB-C837B65BC4C6}"
EndProject
Project("{FAE04EC0-301F-11D3-BF4B-00C04F79EFBC}") = "Platform", "Common\Platform\Platform.csproj", "{E8F339A4-4D04-405E-AB26-4672769C116F}"
EndProject
Project("{FAE04EC0-301F-11D3-BF4B-00C04F79EFBC}") = "Discount.Domain", "Services\Discount\Discount.Domain\Discount.Domain.csproj", "{74A74612-5B59-4196-81A3-AE3CD434F63A}"
EndProject
Project("{FAE04EC0-301F-11D3-BF4B-00C04F79EFBC}") = "Catalog.API.Tests", "Services\Catalog\Catalog.API.Tests\Catalog.API.Tests.csproj", "{B81003BC-3190-43CF-9216-AECD72749874}"
EndProject
Project("{2150E333-8FDC-42A3-9474-1A3956D46DE8}") = "Tests", "Tests", "{3C96DC22-2F7B-4A69-921C-7AB599A78A01}"
EndProject
Project("{FAE04EC0-301F-11D3-BF4B-00C04F79EFBC}") = "UnitTest.Common", "Tests\UnitTest.Common\UnitTest.Common.csproj", "{A15BAAC1-2021-4CC4-9E12-8DA317EB7613}"
EndProject
Project("{FAE04EC0-301F-11D3-BF4B-00C04F79EFBC}") = "IntegrationTest.Common", "Tests\IntegrationTest.Common\IntegrationTest.Common.csproj", "{154C0BEE-2AC5-4CC2-A887-9D8507B5BE3C}"
EndProject
Project("{FAE04EC0-301F-11D3-BF4B-00C04F79EFBC}") = "Core.Common", "Common\Core.Common\Core.Common.csproj", "{BB2EE0EF-CDD2-4AF6-A45A-DC637959A579}"
EndProject
Project("{2150E333-8FDC-42A3-9474-1A3956D46DE8}") = "Tests", "Tests", "{0663B856-BCB1-447F-BD1C-19F4BE7D2365}"
EndProject
Project("{FAE04EC0-301F-11D3-BF4B-00C04F79EFBC}") = "Discount.Tests", "Services\Discount\Discount.Tests\Discount.Tests.csproj", "{CB393B74-A0D3-4DA5-B1A8-A8A8759F4D45}"
EndProject
Project("{FAE04EC0-301F-11D3-BF4B-00C04F79EFBC}") = "Worker", "Common\Worker\Worker.csproj", "{EB027598-931A-40C0-83FB-B3178664A51E}"
EndProject
Project("{FAE04EC0-301F-11D3-BF4B-00C04F79EFBC}") = "IntegrationFramework", "Common\IntegrationFramework\IntegrationFramework.csproj", "{B9E844C7-B444-4359-9B20-930118B0C6F4}"
EndProject
Project("{2150E333-8FDC-42A3-9474-1A3956D46DE8}") = "Logging", "Logging", "{204F7913-53DF-4A4B-9323-D2522D969FE3}"
EndProject
Project("{FAE04EC0-301F-11D3-BF4B-00C04F79EFBC}") = "Logging.Api", "Services\Logging\Logging.Api\Logging.Api.csproj", "{46E0B277-BC38-4C14-BDB3-FC782B0693BE}"
EndProject
Project("{FAE04EC0-301F-11D3-BF4B-00C04F79EFBC}") = "OpenTelemetryFramework", "Common\OpenTelemetryFramework\OpenTelemetryFramework.csproj", "{59445C97-0A22-4910-9369-0AE5F24E7DDF}"
EndProject
Project("{2150E333-8FDC-42A3-9474-1A3956D46DE8}") = "Configs", "Configs", "{1BD08471-6321-46D7-9CFC-2FA577E98558}"
	ProjectSection(SolutionItems) = preProject
		Configs\grafana-datasource.yml = Configs\grafana-datasource.yml
		Configs\jaeger.yml = Configs\jaeger.yml
		Configs\otel-collector-config.yml = Configs\otel-collector-config.yml
		Configs\prometheus.yml = Configs\prometheus.yml
	EndProjectSection
EndProject
Project("{FAE04EC0-301F-11D3-BF4B-00C04F79EFBC}") = "Logging.Domain", "Services\Logging\Logging.Domain\Logging.Domain.csproj", "{2BC4553F-264C-40ED-989D-2F969860602B}"
EndProject
Project("{2150E333-8FDC-42A3-9474-1A3956D46DE8}") = "Tools", "Tools", "{4A0AE81A-0D62-49F6-922D-A4A80F521E2C}"
EndProject
Project("{2150E333-8FDC-42A3-9474-1A3956D46DE8}") = "Https", "Https", "{48D1538C-2CB0-4299-8565-F106F068AC87}"
	ProjectSection(SolutionItems) = preProject
		Tools\Https\ElasticSearch.http = Tools\Https\ElasticSearch.http
		Tools\Https\CatalogApi.http = Tools\Https\CatalogApi.http
	EndProjectSection
EndProject
Global
	GlobalSection(SolutionConfigurationPlatforms) = preSolution
		Debug|Any CPU = Debug|Any CPU
		Release|Any CPU = Release|Any CPU
	EndGlobalSection
	GlobalSection(ProjectConfigurationPlatforms) = postSolution
		{96C37E1E-12F2-4F6B-B17A-A8EDB9E76E57}.Debug|Any CPU.ActiveCfg = Debug|Any CPU
		{96C37E1E-12F2-4F6B-B17A-A8EDB9E76E57}.Debug|Any CPU.Build.0 = Debug|Any CPU
		{96C37E1E-12F2-4F6B-B17A-A8EDB9E76E57}.Release|Any CPU.ActiveCfg = Release|Any CPU
		{96C37E1E-12F2-4F6B-B17A-A8EDB9E76E57}.Release|Any CPU.Build.0 = Release|Any CPU
		{DC4E19EF-2ECC-4E8C-8ED1-0CBB7FCCF01E}.Debug|Any CPU.ActiveCfg = Debug|Any CPU
		{DC4E19EF-2ECC-4E8C-8ED1-0CBB7FCCF01E}.Debug|Any CPU.Build.0 = Debug|Any CPU
		{DC4E19EF-2ECC-4E8C-8ED1-0CBB7FCCF01E}.Release|Any CPU.ActiveCfg = Release|Any CPU
		{DC4E19EF-2ECC-4E8C-8ED1-0CBB7FCCF01E}.Release|Any CPU.Build.0 = Release|Any CPU
		{73506BFE-ADE1-4133-8236-D05F93C9FFD5}.Debug|Any CPU.ActiveCfg = Debug|Any CPU
		{73506BFE-ADE1-4133-8236-D05F93C9FFD5}.Debug|Any CPU.Build.0 = Debug|Any CPU
		{73506BFE-ADE1-4133-8236-D05F93C9FFD5}.Release|Any CPU.ActiveCfg = Release|Any CPU
		{73506BFE-ADE1-4133-8236-D05F93C9FFD5}.Release|Any CPU.Build.0 = Release|Any CPU
		{1BEB2FD9-FD03-4CEC-8C50-AC7788EF25A5}.Debug|Any CPU.ActiveCfg = Debug|Any CPU
		{1BEB2FD9-FD03-4CEC-8C50-AC7788EF25A5}.Debug|Any CPU.Build.0 = Debug|Any CPU
		{1BEB2FD9-FD03-4CEC-8C50-AC7788EF25A5}.Release|Any CPU.ActiveCfg = Release|Any CPU
		{1BEB2FD9-FD03-4CEC-8C50-AC7788EF25A5}.Release|Any CPU.Build.0 = Release|Any CPU
		{8379E4B9-DA32-4BCB-AA43-057882E9F9D8}.Debug|Any CPU.ActiveCfg = Debug|Any CPU
		{8379E4B9-DA32-4BCB-AA43-057882E9F9D8}.Debug|Any CPU.Build.0 = Debug|Any CPU
		{8379E4B9-DA32-4BCB-AA43-057882E9F9D8}.Release|Any CPU.ActiveCfg = Release|Any CPU
		{8379E4B9-DA32-4BCB-AA43-057882E9F9D8}.Release|Any CPU.Build.0 = Release|Any CPU
		{01708605-EE89-4260-8D08-088FF3DD37FB}.Debug|Any CPU.ActiveCfg = Debug|Any CPU
		{01708605-EE89-4260-8D08-088FF3DD37FB}.Debug|Any CPU.Build.0 = Debug|Any CPU
		{01708605-EE89-4260-8D08-088FF3DD37FB}.Release|Any CPU.ActiveCfg = Release|Any CPU
		{01708605-EE89-4260-8D08-088FF3DD37FB}.Release|Any CPU.Build.0 = Release|Any CPU
		{C4CD9D0A-C1BD-4CC7-A77F-9109279A15D4}.Debug|Any CPU.ActiveCfg = Debug|Any CPU
		{C4CD9D0A-C1BD-4CC7-A77F-9109279A15D4}.Debug|Any CPU.Build.0 = Debug|Any CPU
		{C4CD9D0A-C1BD-4CC7-A77F-9109279A15D4}.Release|Any CPU.ActiveCfg = Release|Any CPU
		{C4CD9D0A-C1BD-4CC7-A77F-9109279A15D4}.Release|Any CPU.Build.0 = Release|Any CPU
		{2C3FD295-12BC-43B5-A200-E6C2857D101B}.Debug|Any CPU.ActiveCfg = Debug|Any CPU
		{2C3FD295-12BC-43B5-A200-E6C2857D101B}.Debug|Any CPU.Build.0 = Debug|Any CPU
		{2C3FD295-12BC-43B5-A200-E6C2857D101B}.Release|Any CPU.ActiveCfg = Release|Any CPU
		{2C3FD295-12BC-43B5-A200-E6C2857D101B}.Release|Any CPU.Build.0 = Release|Any CPU
		{78EA3355-829F-4DC7-AE64-3307B8B6F05D}.Debug|Any CPU.ActiveCfg = Debug|Any CPU
		{78EA3355-829F-4DC7-AE64-3307B8B6F05D}.Debug|Any CPU.Build.0 = Debug|Any CPU
		{78EA3355-829F-4DC7-AE64-3307B8B6F05D}.Release|Any CPU.ActiveCfg = Release|Any CPU
		{78EA3355-829F-4DC7-AE64-3307B8B6F05D}.Release|Any CPU.Build.0 = Release|Any CPU
		{41E69C38-592B-4600-9CD9-A822BE538A9B}.Debug|Any CPU.ActiveCfg = Debug|Any CPU
		{41E69C38-592B-4600-9CD9-A822BE538A9B}.Debug|Any CPU.Build.0 = Debug|Any CPU
		{41E69C38-592B-4600-9CD9-A822BE538A9B}.Release|Any CPU.ActiveCfg = Release|Any CPU
		{41E69C38-592B-4600-9CD9-A822BE538A9B}.Release|Any CPU.Build.0 = Release|Any CPU
		{028E7C1F-8C59-472D-9F88-BCE502330940}.Debug|Any CPU.ActiveCfg = Debug|Any CPU
		{028E7C1F-8C59-472D-9F88-BCE502330940}.Debug|Any CPU.Build.0 = Debug|Any CPU
		{028E7C1F-8C59-472D-9F88-BCE502330940}.Release|Any CPU.ActiveCfg = Release|Any CPU
		{028E7C1F-8C59-472D-9F88-BCE502330940}.Release|Any CPU.Build.0 = Release|Any CPU
		{E12A5A92-A370-4F24-92D8-336E47CFAF07}.Debug|Any CPU.ActiveCfg = Debug|Any CPU
		{E12A5A92-A370-4F24-92D8-336E47CFAF07}.Debug|Any CPU.Build.0 = Debug|Any CPU
		{E12A5A92-A370-4F24-92D8-336E47CFAF07}.Release|Any CPU.ActiveCfg = Release|Any CPU
		{E12A5A92-A370-4F24-92D8-336E47CFAF07}.Release|Any CPU.Build.0 = Release|Any CPU
		{24393EB4-F007-4121-8ABC-8C20CD1F3D8F}.Debug|Any CPU.ActiveCfg = Debug|Any CPU
		{24393EB4-F007-4121-8ABC-8C20CD1F3D8F}.Debug|Any CPU.Build.0 = Debug|Any CPU
		{24393EB4-F007-4121-8ABC-8C20CD1F3D8F}.Release|Any CPU.ActiveCfg = Release|Any CPU
		{24393EB4-F007-4121-8ABC-8C20CD1F3D8F}.Release|Any CPU.Build.0 = Release|Any CPU
		{45CE1788-919F-4705-891A-9E3EC004F6E6}.Debug|Any CPU.ActiveCfg = Debug|Any CPU
		{45CE1788-919F-4705-891A-9E3EC004F6E6}.Debug|Any CPU.Build.0 = Debug|Any CPU
		{45CE1788-919F-4705-891A-9E3EC004F6E6}.Release|Any CPU.ActiveCfg = Release|Any CPU
		{45CE1788-919F-4705-891A-9E3EC004F6E6}.Release|Any CPU.Build.0 = Release|Any CPU
		{D392B827-C336-4E36-9E6B-0B7CB7609BEA}.Debug|Any CPU.ActiveCfg = Debug|Any CPU
		{D392B827-C336-4E36-9E6B-0B7CB7609BEA}.Debug|Any CPU.Build.0 = Debug|Any CPU
		{D392B827-C336-4E36-9E6B-0B7CB7609BEA}.Release|Any CPU.ActiveCfg = Release|Any CPU
		{D392B827-C336-4E36-9E6B-0B7CB7609BEA}.Release|Any CPU.Build.0 = Release|Any CPU
		{B62912A7-255C-4528-9CEB-C837B65BC4C6}.Debug|Any CPU.ActiveCfg = Debug|Any CPU
		{B62912A7-255C-4528-9CEB-C837B65BC4C6}.Debug|Any CPU.Build.0 = Debug|Any CPU
		{B62912A7-255C-4528-9CEB-C837B65BC4C6}.Release|Any CPU.ActiveCfg = Release|Any CPU
		{B62912A7-255C-4528-9CEB-C837B65BC4C6}.Release|Any CPU.Build.0 = Release|Any CPU
		{E8F339A4-4D04-405E-AB26-4672769C116F}.Debug|Any CPU.ActiveCfg = Debug|Any CPU
		{E8F339A4-4D04-405E-AB26-4672769C116F}.Debug|Any CPU.Build.0 = Debug|Any CPU
		{E8F339A4-4D04-405E-AB26-4672769C116F}.Release|Any CPU.ActiveCfg = Release|Any CPU
		{E8F339A4-4D04-405E-AB26-4672769C116F}.Release|Any CPU.Build.0 = Release|Any CPU
		{74A74612-5B59-4196-81A3-AE3CD434F63A}.Debug|Any CPU.ActiveCfg = Debug|Any CPU
		{74A74612-5B59-4196-81A3-AE3CD434F63A}.Debug|Any CPU.Build.0 = Debug|Any CPU
		{74A74612-5B59-4196-81A3-AE3CD434F63A}.Release|Any CPU.ActiveCfg = Release|Any CPU
		{74A74612-5B59-4196-81A3-AE3CD434F63A}.Release|Any CPU.Build.0 = Release|Any CPU
		{B81003BC-3190-43CF-9216-AECD72749874}.Debug|Any CPU.ActiveCfg = Debug|Any CPU
		{B81003BC-3190-43CF-9216-AECD72749874}.Debug|Any CPU.Build.0 = Debug|Any CPU
		{B81003BC-3190-43CF-9216-AECD72749874}.Release|Any CPU.ActiveCfg = Release|Any CPU
		{B81003BC-3190-43CF-9216-AECD72749874}.Release|Any CPU.Build.0 = Release|Any CPU
		{A15BAAC1-2021-4CC4-9E12-8DA317EB7613}.Debug|Any CPU.ActiveCfg = Debug|Any CPU
		{A15BAAC1-2021-4CC4-9E12-8DA317EB7613}.Debug|Any CPU.Build.0 = Debug|Any CPU
		{A15BAAC1-2021-4CC4-9E12-8DA317EB7613}.Release|Any CPU.ActiveCfg = Release|Any CPU
		{A15BAAC1-2021-4CC4-9E12-8DA317EB7613}.Release|Any CPU.Build.0 = Release|Any CPU
		{154C0BEE-2AC5-4CC2-A887-9D8507B5BE3C}.Debug|Any CPU.ActiveCfg = Debug|Any CPU
		{154C0BEE-2AC5-4CC2-A887-9D8507B5BE3C}.Debug|Any CPU.Build.0 = Debug|Any CPU
		{154C0BEE-2AC5-4CC2-A887-9D8507B5BE3C}.Release|Any CPU.ActiveCfg = Release|Any CPU
		{154C0BEE-2AC5-4CC2-A887-9D8507B5BE3C}.Release|Any CPU.Build.0 = Release|Any CPU
		{BB2EE0EF-CDD2-4AF6-A45A-DC637959A579}.Debug|Any CPU.ActiveCfg = Debug|Any CPU
		{BB2EE0EF-CDD2-4AF6-A45A-DC637959A579}.Debug|Any CPU.Build.0 = Debug|Any CPU
		{BB2EE0EF-CDD2-4AF6-A45A-DC637959A579}.Release|Any CPU.ActiveCfg = Release|Any CPU
		{BB2EE0EF-CDD2-4AF6-A45A-DC637959A579}.Release|Any CPU.Build.0 = Release|Any CPU
		{CB393B74-A0D3-4DA5-B1A8-A8A8759F4D45}.Debug|Any CPU.ActiveCfg = Debug|Any CPU
		{CB393B74-A0D3-4DA5-B1A8-A8A8759F4D45}.Debug|Any CPU.Build.0 = Debug|Any CPU
		{CB393B74-A0D3-4DA5-B1A8-A8A8759F4D45}.Release|Any CPU.ActiveCfg = Release|Any CPU
		{CB393B74-A0D3-4DA5-B1A8-A8A8759F4D45}.Release|Any CPU.Build.0 = Release|Any CPU
		{EB027598-931A-40C0-83FB-B3178664A51E}.Debug|Any CPU.ActiveCfg = Debug|Any CPU
		{EB027598-931A-40C0-83FB-B3178664A51E}.Debug|Any CPU.Build.0 = Debug|Any CPU
		{EB027598-931A-40C0-83FB-B3178664A51E}.Release|Any CPU.ActiveCfg = Release|Any CPU
		{EB027598-931A-40C0-83FB-B3178664A51E}.Release|Any CPU.Build.0 = Release|Any CPU
		{B9E844C7-B444-4359-9B20-930118B0C6F4}.Debug|Any CPU.ActiveCfg = Debug|Any CPU
		{B9E844C7-B444-4359-9B20-930118B0C6F4}.Debug|Any CPU.Build.0 = Debug|Any CPU
		{B9E844C7-B444-4359-9B20-930118B0C6F4}.Release|Any CPU.ActiveCfg = Release|Any CPU
		{B9E844C7-B444-4359-9B20-930118B0C6F4}.Release|Any CPU.Build.0 = Release|Any CPU
		{46E0B277-BC38-4C14-BDB3-FC782B0693BE}.Debug|Any CPU.ActiveCfg = Debug|Any CPU
		{46E0B277-BC38-4C14-BDB3-FC782B0693BE}.Debug|Any CPU.Build.0 = Debug|Any CPU
		{46E0B277-BC38-4C14-BDB3-FC782B0693BE}.Release|Any CPU.ActiveCfg = Release|Any CPU
		{46E0B277-BC38-4C14-BDB3-FC782B0693BE}.Release|Any CPU.Build.0 = Release|Any CPU
		{59445C97-0A22-4910-9369-0AE5F24E7DDF}.Debug|Any CPU.ActiveCfg = Debug|Any CPU
		{59445C97-0A22-4910-9369-0AE5F24E7DDF}.Debug|Any CPU.Build.0 = Debug|Any CPU
		{59445C97-0A22-4910-9369-0AE5F24E7DDF}.Release|Any CPU.ActiveCfg = Release|Any CPU
		{59445C97-0A22-4910-9369-0AE5F24E7DDF}.Release|Any CPU.Build.0 = Release|Any CPU
		{2BC4553F-264C-40ED-989D-2F969860602B}.Debug|Any CPU.ActiveCfg = Debug|Any CPU
		{2BC4553F-264C-40ED-989D-2F969860602B}.Debug|Any CPU.Build.0 = Debug|Any CPU
		{2BC4553F-264C-40ED-989D-2F969860602B}.Release|Any CPU.ActiveCfg = Release|Any CPU
		{2BC4553F-264C-40ED-989D-2F969860602B}.Release|Any CPU.Build.0 = Release|Any CPU
	EndGlobalSection
	GlobalSection(SolutionProperties) = preSolution
		HideSolutionNode = FALSE
	EndGlobalSection
	GlobalSection(NestedProjects) = preSolution
		{55B22FD8-2EB0-4EE7-978D-F3217D2F97C2} = {95DAA397-B304-4A73-A479-4FC515A3664A}
		{96C37E1E-12F2-4F6B-B17A-A8EDB9E76E57} = {55B22FD8-2EB0-4EE7-978D-F3217D2F97C2}
		{111B9E72-F911-443E-9F3F-39ADC1017E21} = {95DAA397-B304-4A73-A479-4FC515A3664A}
		{73506BFE-ADE1-4133-8236-D05F93C9FFD5} = {111B9E72-F911-443E-9F3F-39ADC1017E21}
		{D341901C-E0AF-488A-8DAD-B9C277E39E2C} = {95DAA397-B304-4A73-A479-4FC515A3664A}
		{1BEB2FD9-FD03-4CEC-8C50-AC7788EF25A5} = {D341901C-E0AF-488A-8DAD-B9C277E39E2C}
		{8379E4B9-DA32-4BCB-AA43-057882E9F9D8} = {D341901C-E0AF-488A-8DAD-B9C277E39E2C}
		{803CC298-EF67-47FC-BE5B-65ADECCC3621} = {95DAA397-B304-4A73-A479-4FC515A3664A}
		{01708605-EE89-4260-8D08-088FF3DD37FB} = {803CC298-EF67-47FC-BE5B-65ADECCC3621}
		{C4CD9D0A-C1BD-4CC7-A77F-9109279A15D4} = {803CC298-EF67-47FC-BE5B-65ADECCC3621}
		{2C3FD295-12BC-43B5-A200-E6C2857D101B} = {803CC298-EF67-47FC-BE5B-65ADECCC3621}
		{78EA3355-829F-4DC7-AE64-3307B8B6F05D} = {803CC298-EF67-47FC-BE5B-65ADECCC3621}
		{41E69C38-592B-4600-9CD9-A822BE538A9B} = {A0E2C293-4F44-4498-A802-6846E8F23A98}
		{028E7C1F-8C59-472D-9F88-BCE502330940} = {6C3A0F0F-2052-4CFE-A43F-A11F3FFEA1AA}
		{E12A5A92-A370-4F24-92D8-336E47CFAF07} = {6C3A0F0F-2052-4CFE-A43F-A11F3FFEA1AA}
		{24393EB4-F007-4121-8ABC-8C20CD1F3D8F} = {FED74185-9414-4287-B1E7-9F57F9C1530E}
		{45CE1788-919F-4705-891A-9E3EC004F6E6} = {FED74185-9414-4287-B1E7-9F57F9C1530E}
		{D392B827-C336-4E36-9E6B-0B7CB7609BEA} = {F8010F61-AC18-429E-AB5E-BBD13EC2B1F6}
		{B62912A7-255C-4528-9CEB-C837B65BC4C6} = {A0E2C293-4F44-4498-A802-6846E8F23A98}
		{E8F339A4-4D04-405E-AB26-4672769C116F} = {A0E2C293-4F44-4498-A802-6846E8F23A98}
		{74A74612-5B59-4196-81A3-AE3CD434F63A} = {D341901C-E0AF-488A-8DAD-B9C277E39E2C}
		{B81003BC-3190-43CF-9216-AECD72749874} = {55B22FD8-2EB0-4EE7-978D-F3217D2F97C2}
		{A15BAAC1-2021-4CC4-9E12-8DA317EB7613} = {3C96DC22-2F7B-4A69-921C-7AB599A78A01}
		{154C0BEE-2AC5-4CC2-A887-9D8507B5BE3C} = {3C96DC22-2F7B-4A69-921C-7AB599A78A01}
		{BB2EE0EF-CDD2-4AF6-A45A-DC637959A579} = {A0E2C293-4F44-4498-A802-6846E8F23A98}
		{0663B856-BCB1-447F-BD1C-19F4BE7D2365} = {D341901C-E0AF-488A-8DAD-B9C277E39E2C}
		{CB393B74-A0D3-4DA5-B1A8-A8A8759F4D45} = {0663B856-BCB1-447F-BD1C-19F4BE7D2365}
		{EB027598-931A-40C0-83FB-B3178664A51E} = {A0E2C293-4F44-4498-A802-6846E8F23A98}
		{B9E844C7-B444-4359-9B20-930118B0C6F4} = {A0E2C293-4F44-4498-A802-6846E8F23A98}
		{204F7913-53DF-4A4B-9323-D2522D969FE3} = {95DAA397-B304-4A73-A479-4FC515A3664A}
		{46E0B277-BC38-4C14-BDB3-FC782B0693BE} = {204F7913-53DF-4A4B-9323-D2522D969FE3}
		{59445C97-0A22-4910-9369-0AE5F24E7DDF} = {A0E2C293-4F44-4498-A802-6846E8F23A98}
		{2BC4553F-264C-40ED-989D-2F969860602B} = {204F7913-53DF-4A4B-9323-D2522D969FE3}
		{48D1538C-2CB0-4299-8565-F106F068AC87} = {4A0AE81A-0D62-49F6-922D-A4A80F521E2C}
	EndGlobalSection
	GlobalSection(ExtensibilityGlobals) = postSolution
		SolutionGuid = {C4BB872B-A5B8-4E0D-8B6D-79FB8B7CB8D7}
	EndGlobalSection
EndGlobal
